
Microsoft Visual Studio Solution File, Format Version 12.00
# Visual Studio 15
VisualStudioVersion = 15.0.28307.102
MinimumVisualStudioVersion = 10.0.40219.1
Project("{FAE04EC0-301F-11D3-BF4B-00C04F79EFBC}") = "RowLevelSecurityDemo", "RowLevelSecurityDemo\RowLevelSecurityDemo.csproj", "{F040D70E-C6B2-4102-AA68-0D8CCEC47EF5}"
EndProject
Global
	GlobalSection(SolutionConfigurationPlatforms) = preSolution
		Debug|Any CPU = Debug|Any CPU
		Release|Any CPU = Release|Any CPU
	EndGlobalSection
	GlobalSection(ProjectConfigurationPlatforms) = postSolution
		{F040D70E-C6B2-4102-AA68-0D8CCEC47EF5}.Debug|Any CPU.ActiveCfg = Debug|Any CPU
		{F040D70E-C6B2-4102-AA68-0D8CCEC47EF5}.Debug|Any CPU.Build.0 = Debug|Any CPU
		{F040D70E-C6B2-4102-AA68-0D8CCEC47EF5}.Release|Any CPU.ActiveCfg = Release|Any CPU
		{F040D70E-C6B2-4102-AA68-0D8CCEC47EF5}.Release|Any CPU.Build.0 = Release|Any CPU
	EndGlobalSection
	GlobalSection(SolutionProperties) = preSolution
		HideSolutionNode = FALSE
	EndGlobalSection
	GlobalSection(ExtensibilityGlobals) = postSolution
		SolutionGuid = {5321561F-EE6D-4440-AE0C-9D35248370AB}
	EndGlobalSection
EndGlobal
